{
    "version": 3,
    "terraform_version": "0.9.1",
    "serial": 0,
    "lineage": "688fcafd-2e4e-482a-8315-ef0a12b07413",
    "modules": [
        {
            "path": [
                "root"
            ],
            "outputs": {},
            "resources": {
                "digitalocean_droplet.k8s-control.0": {
                    "type": "digitalocean_droplet",
                    "depends_on": [
                        "digitalocean_tag.control",
                        "digitalocean_tag.kubernetes"
                    ],
                    "primary": {
                        "id": "50352485",
                        "attributes": {
                            "disk": "20",
                            "id": "50352485",
                            "image": "debian-8-x64",
                            "ipv4_address": "162.243.68.105",
                            "ipv4_address_private": "10.128.8.66",
                            "locked": "false",
                            "name": "control-1",
                            "private_networking": "true",
                            "region": "nyc2",
                            "resize_disk": "true",
                            "size": "512mb",
                            "ssh_keys.#": "1",
                            "ssh_keys.0": "9532945",
                            "status": "active",
                            "tags.#": "2",
                            "tags.0": "k8s",
                            "tags.1": "control",
                            "vcpus": "1"
                        },
                        "meta": {},
                        "tainted": false
                    },
                    "deposed": [],
                    "provider": ""
                },
                "digitalocean_droplet.k8s-control.1": {
                    "type": "digitalocean_droplet",
                    "depends_on": [
                        "digitalocean_tag.control",
                        "digitalocean_tag.kubernetes"
                    ],
                    "primary": {
                        "id": "50352486",
                        "attributes": {
                            "disk": "20",
                            "id": "50352486",
                            "image": "debian-8-x64",
                            "ipv4_address": "162.243.71.251",
                            "ipv4_address_private": "10.128.9.191",
                            "locked": "false",
                            "name": "control-2",
                            "private_networking": "true",
                            "region": "nyc2",
                            "resize_disk": "true",
                            "size": "512mb",
                            "ssh_keys.#": "1",
                            "ssh_keys.0": "9532945",
                            "status": "active",
                            "tags.#": "2",
                            "tags.0": "k8s",
                            "tags.1": "control",
                            "vcpus": "1"
                        },
                        "meta": {},
                        "tainted": false
                    },
                    "deposed": [],
                    "provider": ""
                },
                "digitalocean_droplet.k8s-control.2": {
                    "type": "digitalocean_droplet",
                    "depends_on": [
                        "digitalocean_tag.control",
                        "digitalocean_tag.kubernetes"
                    ],
                    "primary": {
                        "id": "50352484",
                        "attributes": {
                            "disk": "20",
                            "id": "50352484",
                            "image": "debian-8-x64",
                            "ipv4_address": "162.243.58.16",
                            "ipv4_address_private": "10.128.1.204",
                            "locked": "false",
                            "name": "control-3",
                            "private_networking": "true",
                            "region": "nyc2",
                            "resize_disk": "true",
                            "size": "512mb",
                            "ssh_keys.#": "1",
                            "ssh_keys.0": "9532945",
                            "status": "active",
                            "tags.#": "2",
                            "tags.0": "k8s",
                            "tags.1": "control",
                            "vcpus": "1"
                        },
                        "meta": {},
                        "tainted": false
                    },
                    "deposed": [],
                    "provider": ""
                },
                "digitalocean_droplet.k8s-worker.0": {
                    "type": "digitalocean_droplet",
                    "depends_on": [
                        "digitalocean_tag.kubernetes",
                        "digitalocean_tag.worker"
                    ],
                    "primary": {
                        "id": "50352489",
                        "attributes": {
                            "disk": "20",
                            "id": "50352489",
                            "image": "debian-8-x64",
                            "ipv4_address": "162.243.84.46",
                            "ipv4_address_private": "10.128.14.90",
                            "locked": "false",
                            "name": "worker-1",
                            "private_networking": "true",
                            "region": "nyc2",
                            "resize_disk": "true",
                            "size": "512mb",
                            "ssh_keys.#": "1",
                            "ssh_keys.0": "9532945",
                            "status": "active",
                            "tags.#": "2",
                            "tags.0": "worker",
                            "tags.1": "k8s",
                            "vcpus": "1"
                        },
                        "meta": {},
                        "tainted": false
                    },
                    "deposed": [],
                    "provider": ""
                },
                "digitalocean_droplet.k8s-worker.1": {
                    "type": "digitalocean_droplet",
                    "depends_on": [
                        "digitalocean_tag.kubernetes",
                        "digitalocean_tag.worker"
                    ],
                    "primary": {
                        "id": "50352488",
                        "attributes": {
                            "disk": "20",
                            "id": "50352488",
                            "image": "debian-8-x64",
                            "ipv4_address": "162.243.73.111",
                            "ipv4_address_private": "10.128.9.200",
                            "locked": "false",
                            "name": "worker-2",
                            "private_networking": "true",
                            "region": "nyc2",
                            "resize_disk": "true",
                            "size": "512mb",
                            "ssh_keys.#": "1",
                            "ssh_keys.0": "9532945",
                            "status": "active",
                            "tags.#": "2",
                            "tags.0": "worker",
                            "tags.1": "k8s",
                            "vcpus": "1"
                        },
                        "meta": {},
                        "tainted": false
                    },
                    "deposed": [],
                    "provider": ""
                },
                "digitalocean_droplet.k8s-worker.2": {
                    "type": "digitalocean_droplet",
                    "depends_on": [
                        "digitalocean_tag.kubernetes",
                        "digitalocean_tag.worker"
                    ],
                    "primary": {
                        "id": "50352487",
                        "attributes": {
                            "disk": "20",
                            "id": "50352487",
                            "image": "debian-8-x64",
                            "ipv4_address": "162.243.78.39",
                            "ipv4_address_private": "10.128.12.165",
                            "locked": "false",
                            "name": "worker-3",
                            "private_networking": "true",
                            "region": "nyc2",
                            "resize_disk": "true",
                            "size": "512mb",
                            "ssh_keys.#": "1",
                            "ssh_keys.0": "9532945",
                            "status": "active",
                            "tags.#": "2",
                            "tags.0": "worker",
                            "tags.1": "k8s",
                            "vcpus": "1"
                        },
                        "meta": {},
                        "tainted": false
                    },
                    "deposed": [],
                    "provider": ""
                },
                "digitalocean_tag.control": {
                    "type": "digitalocean_tag",
                    "depends_on": [],
                    "primary": {
                        "id": "control",
                        "attributes": {
                            "id": "control",
                            "name": "control"
                        },
                        "meta": {},
                        "tainted": false
                    },
                    "deposed": [],
                    "provider": ""
                },
                "digitalocean_tag.kubernetes": {
                    "type": "digitalocean_tag",
                    "depends_on": [],
                    "primary": {
                        "id": "k8s",
                        "attributes": {
                            "id": "k8s",
                            "name": "k8s"
                        },
                        "meta": {},
                        "tainted": false
                    },
                    "deposed": [],
                    "provider": ""
                },
                "digitalocean_tag.loadbalancer": {
                    "type": "digitalocean_tag",
                    "depends_on": [],
                    "primary": {
                        "id": "lb",
                        "attributes": {
                            "id": "lb",
                            "name": "lb"
                        },
                        "meta": {},
                        "tainted": false
                    },
                    "deposed": [],
                    "provider": ""
                },
                "digitalocean_tag.worker": {
                    "type": "digitalocean_tag",
                    "depends_on": [],
                    "primary": {
                        "id": "worker",
                        "attributes": {
                            "id": "worker",
                            "name": "worker"
                        },
                        "meta": {},
                        "tainted": false
                    },
                    "deposed": [],
                    "provider": ""
                }
            },
            "depends_on": []
        }
    ]
}
